<?xml version="1.0" encoding="utf-8"?>
<Project ToolsVersion="4.0" xmlns="http://schemas.microsoft.com/developer/msbuild/2003">
  <ItemGroup>
    <ClCompile Include="Source1_sample_draw_element_triangle.cpp" />
    <ClCompile Include="Learn0.cpp" />
    <ClCompile Include="Main.cpp">
      <Filter>NewFilter1</Filter>
    </ClCompile>
    <ClCompile Include="Learn1.cpp" />
    <ClCompile Include="Learn2.cpp" />
    <ClCompile Include="Source0_sample_draw_aray_triangle.cpp" />
    <ClCompile Include="Source2_sample_drawing_triangle_index.cpp" />
    <ClCompile Include="Learn3.cpp" />
    <ClCompile Include="Learn4.cpp" />
    <ClCompile Include="Learn5.cpp" />
  </ItemGroup>
  <ItemGroup>
    <Filter Include="NewFilter1">
      <UniqueIdentifier>{0a980042-0445-48c7-b613-7731e336bd46}</UniqueIdentifier>
    </Filter>
  </ItemGroup>
</Project>