
Microsoft Visual Studio Solution File, Format Version 12.00
# Visual Studio Version 16
VisualStudioVersion = 16.0.31205.134
MinimumVisualStudioVersion = 10.0.40219.1
Project("{8BC9CEB8-8B4A-11D0-8D11-00A0C91BC942}") = "sample_app", "sample_app.vcxproj", "{6FA728CC-48FE-47E5-A180-6160A37C8ACA}"
EndProject
Global
	GlobalSection(SolutionConfigurationPlatforms) = preSolution
		Debug|Win32 = Debug|Win32
		Debug|x64 = Debug|x64
		Debug|x86 = Debug|x86
		Re|Win32 = Re|Win32
		Re|x64 = Re|x64
		Re|x86 = Re|x86
		Release|Win32 = Release|Win32
		Release|x64 = Release|x64
		Release|x86 = Release|x86
	EndGlobalSection
	GlobalSection(ProjectConfigurationPlatforms) = postSolution
		{6FA728CC-48FE-47E5-A180-6160A37C8ACA}.Debug|Win32.ActiveCfg = Debug|Win32
		{6FA728CC-48FE-47E5-A180-6160A37C8ACA}.Debug|Win32.Build.0 = Debug|Win32
		{6FA728CC-48FE-47E5-A180-6160A37C8ACA}.Debug|x64.ActiveCfg = Debug|x64
		{6FA728CC-48FE-47E5-A180-6160A37C8ACA}.Debug|x64.Build.0 = Debug|x64
		{6FA728CC-48FE-47E5-A180-6160A37C8ACA}.Debug|x86.ActiveCfg = Debug|Win32
		{6FA728CC-48FE-47E5-A180-6160A37C8ACA}.Debug|x86.Build.0 = Debug|Win32
		{6FA728CC-48FE-47E5-A180-6160A37C8ACA}.Re|Win32.ActiveCfg = Re|Win32
		{6FA728CC-48FE-47E5-A180-6160A37C8ACA}.Re|Win32.Build.0 = Re|Win32
		{6FA728CC-48FE-47E5-A180-6160A37C8ACA}.Re|x64.ActiveCfg = Re|x64
		{6FA728CC-48FE-47E5-A180-6160A37C8ACA}.Re|x64.Build.0 = Re|x64
		{6FA728CC-48FE-47E5-A180-6160A37C8ACA}.Re|x86.ActiveCfg = Re|Win32
		{6FA728CC-48FE-47E5-A180-6160A37C8ACA}.Re|x86.Build.0 = Re|Win32
		{6FA728CC-48FE-47E5-A180-6160A37C8ACA}.Release|Win32.ActiveCfg = Release|Win32
		{6FA728CC-48FE-47E5-A180-6160A37C8ACA}.Release|Win32.Build.0 = Release|Win32
		{6FA728CC-48FE-47E5-A180-6160A37C8ACA}.Release|x64.ActiveCfg = Release|x64
		{6FA728CC-48FE-47E5-A180-6160A37C8ACA}.Release|x64.Build.0 = Release|x64
		{6FA728CC-48FE-47E5-A180-6160A37C8ACA}.Release|x86.ActiveCfg = Release|Win32
		{6FA728CC-48FE-47E5-A180-6160A37C8ACA}.Release|x86.Build.0 = Release|Win32
	EndGlobalSection
	GlobalSection(SolutionProperties) = preSolution
		HideSolutionNode = FALSE
	EndGlobalSection
	GlobalSection(ExtensibilityGlobals) = postSolution
		SolutionGuid = {042D445A-8EF4-4DD8-899B-D11102AA5D49}
	EndGlobalSection
EndGlobal
